
Microsoft Visual Studio Solution File, Format Version 12.00
# Visual Studio 2015
Project("{FAE04EC0-301F-11D3-BF4B-00C04F79EFBC}") = "tuto5.4.CSharp", "tuto5.4.CSharp.csproj", "{668282B7-FA8B-DBDD-4390-6C6217DE7195}"
EndProject
Project("{FAE04EC0-301F-11D3-BF4B-00C04F79EFBC}") = "tuto5.4.CSharp.Editor", "tuto5.4.CSharp.Editor.csproj", "{2A7A8AFE-1CC9-38BD-C5A4-E81BCEE20728}"
EndProject
Global
	GlobalSection(SolutionConfigurationPlatforms) = preSolution
		Debug|Any CPU = Debug|Any CPU
		Release|Any CPU = Release|Any CPU
	EndGlobalSection
	GlobalSection(ProjectConfigurationPlatforms) = postSolution
		{668282B7-FA8B-DBDD-4390-6C6217DE7195}.Debug|Any CPU.ActiveCfg = Debug|Any CPU
		{668282B7-FA8B-DBDD-4390-6C6217DE7195}.Debug|Any CPU.Build.0 = Debug|Any CPU
		{668282B7-FA8B-DBDD-4390-6C6217DE7195}.Release|Any CPU.ActiveCfg = Release|Any CPU
		{668282B7-FA8B-DBDD-4390-6C6217DE7195}.Release|Any CPU.Build.0 = Release|Any CPU
		{2A7A8AFE-1CC9-38BD-C5A4-E81BCEE20728}.Debug|Any CPU.ActiveCfg = Debug|Any CPU
		{2A7A8AFE-1CC9-38BD-C5A4-E81BCEE20728}.Debug|Any CPU.Build.0 = Debug|Any CPU
		{2A7A8AFE-1CC9-38BD-C5A4-E81BCEE20728}.Release|Any CPU.ActiveCfg = Release|Any CPU
		{2A7A8AFE-1CC9-38BD-C5A4-E81BCEE20728}.Release|Any CPU.Build.0 = Release|Any CPU
	EndGlobalSection
	GlobalSection(SolutionProperties) = preSolution
		HideSolutionNode = FALSE
	EndGlobalSection
EndGlobal
